// !$*UTF8*$!
{
	archiveVersion = 1;
	classes = {
	};
	objectVersion = 77;
	objects = {

/* Begin PBXContainerItemProxy section */
		35355A322CE9ADEF00A6F41E /* PBXContainerItemProxy */ = {
			isa = PBXContainerItemProxy;
			containerPortal = 35355A192CE9ADEE00A6F41E /* Project object */;
			proxyType = 1;
			remoteGlobalIDString = 35355A202CE9ADEE00A6F41E;
			remoteInfo = SweetSweetApp;
		};
		35355A3C2CE9ADEF00A6F41E /* PBXContainerItemProxy */ = {
			isa = PBXContainerItemProxy;
			containerPortal = 35355A192CE9ADEE00A6F41E /* Project object */;
			proxyType = 1;
			remoteGlobalIDString = 35355A202CE9ADEE00A6F41E;
			remoteInfo = SweetSweetApp;
		};
/* End PBXContainerItemProxy section */

/* Begin PBXFileReference section */
		35355A212CE9ADEE00A6F41E /* SweetSweetApp.app */ = {isa = PBXFileReference; explicitFileType = wrapper.application; includeInIndex = 0; path = SweetSweetApp.app; sourceTree = BUILT_PRODUCTS_DIR; };
		35355A312CE9ADEF00A6F41E /* SweetSweetAppTests.xctest */ = {isa = PBXFileReference; explicitFileType = wrapper.cfbundle; includeInIndex = 0; path = SweetSweetAppTests.xctest; sourceTree = BUILT_PRODUCTS_DIR; };
		35355A3B2CE9ADEF00A6F41E /* SweetSweetAppUITests.xctest */ = {isa = PBXFileReference; explicitFileType = wrapper.cfbundle; includeInIndex = 0; path = SweetSweetAppUITests.xctest; sourceTree = BUILT_PRODUCTS_DIR; };
/* End PBXFileReference section */

/* Begin PBXFileSystemSynchronizedRootGroup section */
		35355A232CE9ADEE00A6F41E /* SweetSweetApp */ = {
			isa = PBXFileSystemSynchronizedRootGroup;
			path = SweetSweetApp;
			sourceTree = "<group>";
		};
		35355A342CE9ADEF00A6F41E /* SweetSweetAppTests */ = {
			isa = PBXFileSystemSynchronizedRootGroup;
			path = SweetSweetAppTests;
			sourceTree = "<group>";
		};
		35355A3E2CE9ADEF00A6F41E /* SweetSweetAppUITests */ = {
			isa = PBXFileSystemSynchronizedRootGroup;
			path = SweetSweetAppUITests;
			sourceTree = "<group>";
		};
/* End PBXFileSystemSynchronizedRootGroup section */

/* Begin PBXFrameworksBuildPhase section */
		35355A1E2CE9ADEE00A6F41E /* Frameworks */ = {
			isa = PBXFrameworksBuildPhase;
			buildActionMask = 2147483647;
			files = (
			);
			runOnlyForDeploymentPostprocessing = 0;
		};
		35355A2E2CE9ADEF00A6F41E /* Frameworks */ = {
			isa = PBXFrameworksBuildPhase;
			buildActionMask = 2147483647;
			files = (
			);
			runOnlyForDeploymentPostprocessing = 0;
		};
		35355A382CE9ADEF00A6F41E /* Frameworks */ = {
			isa = PBXFrameworksBuildPhase;
			buildActionMask = 2147483647;
			files = (
			);
			runOnlyForDeploymentPostprocessing = 0;
		};
/* End PBXFrameworksBuildPhase section */

/* Begin PBXGroup section */
		35355A182CE9ADEE00A6F41E = {
			isa = PBXGroup;
			children = (
				35355A232CE9ADEE00A6F41E /* SweetSweetApp */,
				35355A342CE9ADEF00A6F41E /* SweetSweetAppTests */,
				35355A3E2CE9ADEF00A6F41E /* SweetSweetAppUITests */,
				35355A222CE9ADEE00A6F41E /* Products */,
			);
			sourceTree = "<group>";
		};
		35355A222CE9ADEE00A6F41E /* Products */ = {
			isa = PBXGroup;
			children = (
				35355A212CE9ADEE00A6F41E /* SweetSweetApp.app */,
				35355A312CE9ADEF00A6F41E /* SweetSweetAppTests.xctest */,
				35355A3B2CE9ADEF00A6F41E /* SweetSweetAppUITests.xctest */,
			);
			name = Products;
			sourceTree = "<group>";
		};
/* End PBXGroup section */

/* Begin PBXNativeTarget section */
		35355A202CE9ADEE00A6F41E /* SweetSweetApp */ = {
			isa = PBXNativeTarget;
			buildConfigurationList = 35355A452CE9ADEF00A6F41E /* Build configuration list for PBXNativeTarget "SweetSweetApp" */;
			buildPhases = (
				35355A1D2CE9ADEE00A6F41E /* Sources */,
				35355A1E2CE9ADEE00A6F41E /* Frameworks */,
				35355A1F2CE9ADEE00A6F41E /* Resources */,
			);
			buildRules = (
			);
			dependencies = (
			);
			fileSystemSynchronizedGroups = (
				35355A232CE9ADEE00A6F41E /* SweetSweetApp */,
			);
			name = SweetSweetApp;
			packageProductDependencies = (
			);
			productName = SweetSweetApp;
			productReference = 35355A212CE9ADEE00A6F41E /* SweetSweetApp.app */;
			productType = "com.apple.product-type.application";
		};
		35355A302CE9ADEF00A6F41E /* SweetSweetAppTests */ = {
			isa = PBXNativeTarget;
			buildConfigurationList = 35355A482CE9ADEF00A6F41E /* Build configuration list for PBXNativeTarget "SweetSweetAppTests" */;
			buildPhases = (
				35355A2D2CE9ADEF00A6F41E /* Sources */,
				35355A2E2CE9ADEF00A6F41E /* Frameworks */,
				35355A2F2CE9ADEF00A6F41E /* Resources */,
			);
			buildRules = (
			);
			dependencies = (
				35355A332CE9ADEF00A6F41E /* PBXTargetDependency */,
			);
			fileSystemSynchronizedGroups = (
				35355A342CE9ADEF00A6F41E /* SweetSweetAppTests */,
			);
			name = SweetSweetAppTests;
			packageProductDependencies = (
			);
			productName = SweetSweetAppTests;
			productReference = 35355A312CE9ADEF00A6F41E /* SweetSweetAppTests.xctest */;
			productType = "com.apple.product-type.bundle.unit-test";
		};
		35355A3A2CE9ADEF00A6F41E /* SweetSweetAppUITests */ = {
			isa = PBXNativeTarget;
			buildConfigurationList = 35355A4B2CE9ADEF00A6F41E /* Build configuration list for PBXNativeTarget "SweetSweetAppUITests" */;
			buildPhases = (
				35355A372CE9ADEF00A6F41E /* Sources */,
				35355A382CE9ADEF00A6F41E /* Frameworks */,
				35355A392CE9ADEF00A6F41E /* Resources */,
			);
			buildRules = (
			);
			dependencies = (
				35355A3D2CE9ADEF00A6F41E /* PBXTargetDependency */,
			);
			fileSystemSynchronizedGroups = (
				35355A3E2CE9ADEF00A6F41E /* SweetSweetAppUITests */,
			);
			name = SweetSweetAppUITests;
			packageProductDependencies = (
			);
			productName = SweetSweetAppUITests;
			productReference = 35355A3B2CE9ADEF00A6F41E /* SweetSweetAppUITests.xctest */;
			productType = "com.apple.product-type.bundle.ui-testing";
		};
/* End PBXNativeTarget section */

/* Begin PBXProject section */
		35355A192CE9ADEE00A6F41E /* Project object */ = {
			isa = PBXProject;
			attributes = {
				BuildIndependentTargetsInParallel = 1;
				LastSwiftUpdateCheck = 1610;
				LastUpgradeCheck = 1610;
				TargetAttributes = {
					35355A202CE9ADEE00A6F41E = {
						CreatedOnToolsVersion = 16.1;
					};
					35355A302CE9ADEF00A6F41E = {
						CreatedOnToolsVersion = 16.1;
						TestTargetID = 35355A202CE9ADEE00A6F41E;
					};
					35355A3A2CE9ADEF00A6F41E = {
						CreatedOnToolsVersion = 16.1;
						TestTargetID = 35355A202CE9ADEE00A6F41E;
					};
				};
			};
			buildConfigurationList = 35355A1C2CE9ADEE00A6F41E /* Build configuration list for PBXProject "SweetSweetApp" */;
			developmentRegion = en;
			hasScannedForEncodings = 0;
			knownRegions = (
				en,
				Base,
			);
			mainGroup = 35355A182CE9ADEE00A6F41E;
			minimizedProjectReferenceProxies = 1;
			preferredProjectObjectVersion = 77;
			productRefGroup = 35355A222CE9ADEE00A6F41E /* Products */;
			projectDirPath = "";
			projectRoot = "";
			targets = (
				35355A202CE9ADEE00A6F41E /* SweetSweetApp */,
				35355A302CE9ADEF00A6F41E /* SweetSweetAppTests */,
				35355A3A2CE9ADEF00A6F41E /* SweetSweetAppUITests */,
			);
		};
/* End PBXProject section */

/* Begin PBXResourcesBuildPhase section */
		35355A1F2CE9ADEE00A6F41E /* Resources */ = {
			isa = PBXResourcesBuildPhase;
			buildActionMask = 2147483647;
			files = (
			);
			runOnlyForDeploymentPostprocessing = 0;
		};
		35355A2F2CE9ADEF00A6F41E /* Resources */ = {
			isa = PBXResourcesBuildPhase;
			buildActionMask = 2147483647;
			files = (
			);
			runOnlyForDeploymentPostprocessing = 0;
		};
		35355A392CE9ADEF00A6F41E /* Resources */ = {
			isa = PBXResourcesBuildPhase;
			buildActionMask = 2147483647;
			files = (
			);
			runOnlyForDeploymentPostprocessing = 0;
		};
/* End PBXResourcesBuildPhase section */

/* Begin PBXSourcesBuildPhase section */
		35355A1D2CE9ADEE00A6F41E /* Sources */ = {
			isa = PBXSourcesBuildPhase;
			buildActionMask = 2147483647;
			files = (
			);
			runOnlyForDeploymentPostprocessing = 0;
		};
		35355A2D2CE9ADEF00A6F41E /* Sources */ = {
			isa = PBXSourcesBuildPhase;
			buildActionMask = 2147483647;
			files = (
			);
			runOnlyForDeploymentPostprocessing = 0;
		};
		35355A372CE9ADEF00A6F41E /* Sources */ = {
			isa = PBXSourcesBuildPhase;
			buildActionMask = 2147483647;
			files = (
			);
			runOnlyForDeploymentPostprocessing = 0;
		};
/* End PBXSourcesBuildPhase section */

/* Begin PBXTargetDependency section */
		35355A332CE9ADEF00A6F41E /* PBXTargetDependency */ = {
			isa = PBXTargetDependency;
			target = 35355A202CE9ADEE00A6F41E /* SweetSweetApp */;
			targetProxy = 35355A322CE9ADEF00A6F41E /* PBXContainerItemProxy */;
		};
		35355A3D2CE9ADEF00A6F41E /* PBXTargetDependency */ = {
			isa = PBXTargetDependency;
			target = 35355A202CE9ADEE00A6F41E /* SweetSweetApp */;
			targetProxy = 35355A3C2CE9ADEF00A6F41E /* PBXContainerItemProxy */;
		};
/* End PBXTargetDependency section */

/* Begin XCBuildConfiguration section */
		35355A432CE9ADEF00A6F41E /* Debug */ = {
			isa = XCBuildConfiguration;
			buildSettings = {
				ALWAYS_SEARCH_USER_PATHS = NO;
				ASSETCATALOG_COMPILER_GENERATE_SWIFT_ASSET_SYMBOL_EXTENSIONS = YES;
				CLANG_ANALYZER_NONNULL = YES;
				CLANG_ANALYZER_NUMBER_OBJECT_CONVERSION = YES_AGGRESSIVE;
				CLANG_CXX_LANGUAGE_STANDARD = "gnu++20";
				CLANG_ENABLE_MODULES = YES;
				CLANG_ENABLE_OBJC_ARC = YES;
				CLANG_ENABLE_OBJC_WEAK = YES;
				CLANG_WARN_BLOCK_CAPTURE_AUTORELEASING = YES;
				CLANG_WARN_BOOL_CONVERSION = YES;
				CLANG_WARN_COMMA = YES;
				CLANG_WARN_CONSTANT_CONVERSION = YES;
				CLANG_WARN_DEPRECATED_OBJC_IMPLEMENTATIONS = YES;
				CLANG_WARN_DIRECT_OBJC_ISA_USAGE = YES_ERROR;
				CLANG_WARN_DOCUMENTATION_COMMENTS = YES;
				CLANG_WARN_EMPTY_BODY = YES;
				CLANG_WARN_ENUM_CONVERSION = YES;
				CLANG_WARN_INFINITE_RECURSION = YES;
				CLANG_WARN_INT_CONVERSION = YES;
				CLANG_WARN_NON_LITERAL_NULL_CONVERSION = YES;
				CLANG_WARN_OBJC_IMPLICIT_RETAIN_SELF = YES;
				CLANG_WARN_OBJC_LITERAL_CONVERSION = YES;
				CLANG_WARN_OBJC_ROOT_CLASS = YES_ERROR;
				CLANG_WARN_QUOTED_INCLUDE_IN_FRAMEWORK_HEADER = YES;
				CLANG_WARN_RANGE_LOOP_ANALYSIS = YES;
				CLANG_WARN_STRICT_PROTOTYPES = YES;
				CLANG_WARN_SUSPICIOUS_MOVE = YES;
				CLANG_WARN_UNGUARDED_AVAILABILITY = YES_AGGRESSIVE;
				CLANG_WARN_UNREACHABLE_CODE = YES;
				CLANG_WARN__DUPLICATE_METHOD_MATCH = YES;
				COPY_PHASE_STRIP = NO;
				DEBUG_INFORMATION_FORMAT = dwarf;
				ENABLE_STRICT_OBJC_MSGSEND = YES;
				ENABLE_TESTABILITY = YES;
				ENABLE_USER_SCRIPT_SANDBOXING = YES;
				GCC_C_LANGUAGE_STANDARD = gnu17;
				GCC_DYNAMIC_NO_PIC = NO;
				GCC_NO_COMMON_BLOCKS = YES;
				GCC_OPTIMIZATION_LEVEL = 0;
				GCC_PREPROCESSOR_DEFINITIONS = (
					"DEBUG=1",
					"$(inherited)",
				);
				GCC_WARN_64_TO_32_BIT_CONVERSION = YES;
				GCC_WARN_ABOUT_RETURN_TYPE = YES_ERROR;
				GCC_WARN_UNDECLARED_SELECTOR = YES;
				GCC_WARN_UNINITIALIZED_AUTOS = YES_AGGRESSIVE;
				GCC_WARN_UNUSED_FUNCTION = YES;
				GCC_WARN_UNUSED_VARIABLE = YES;
				IPHONEOS_DEPLOYMENT_TARGET = 18.1;
				LOCALIZATION_PREFERS_STRING_CATALOGS = YES;
				MTL_ENABLE_DEBUG_INFO = INCLUDE_SOURCE;
				MTL_FAST_MATH = YES;
				ONLY_ACTIVE_ARCH = YES;
				SDKROOT = iphoneos;
				SWIFT_ACTIVE_COMPILATION_CONDITIONS = "DEBUG $(inherited)";
				SWIFT_OPTIMIZATION_LEVEL = "-Onone";
			};
			name = Debug;
		};
		35355A442CE9ADEF00A6F41E /* Release */ = {
			isa = XCBuildConfiguration;
			buildSettings = {
				ALWAYS_SEARCH_USER_PATHS = NO;
				ASSETCATALOG_COMPILER_GENERATE_SWIFT_ASSET_SYMBOL_EXTENSIONS = YES;
				CLANG_ANALYZER_NONNULL = YES;
				CLANG_ANALYZER_NUMBER_OBJECT_CONVERSION = YES_AGGRESSIVE;
				CLANG_CXX_LANGUAGE_STANDARD = "gnu++20";
				CLANG_ENABLE_MODULES = YES;
				CLANG_ENABLE_OBJC_ARC = YES;
				CLANG_ENABLE_OBJC_WEAK = YES;
				CLANG_WARN_BLOCK_CAPTURE_AUTORELEASING = YES;
				CLANG_WARN_BOOL_CONVERSION = YES;
				CLANG_WARN_COMMA = YES;
				CLANG_WARN_CONSTANT_CONVERSION = YES;
				CLANG_WARN_DEPRECATED_OBJC_IMPLEMENTATIONS = YES;
				CLANG_WARN_DIRECT_OBJC_ISA_USAGE = YES_ERROR;
				CLANG_WARN_DOCUMENTATION_COMMENTS = YES;
				CLANG_WARN_EMPTY_BODY = YES;
				CLANG_WARN_ENUM_CONVERSION = YES;
				CLANG_WARN_INFINITE_RECURSION = YES;
				CLANG_WARN_INT_CONVERSION = YES;
				CLANG_WARN_NON_LITERAL_NULL_CONVERSION = YES;
				CLANG_WARN_OBJC_IMPLICIT_RETAIN_SELF = YES;
				CLANG_WARN_OBJC_LITERAL_CONVERSION = YES;
				CLANG_WARN_OBJC_ROOT_CLASS = YES_ERROR;
				CLANG_WARN_QUOTED_INCLUDE_IN_FRAMEWORK_HEADER = YES;
				CLANG_WARN_RANGE_LOOP_ANALYSIS = YES;
				CLANG_WARN_STRICT_PROTOTYPES = YES;
				CLANG_WARN_SUSPICIOUS_MOVE = YES;
				CLANG_WARN_UNGUARDED_AVAILABILITY = YES_AGGRESSIVE;
				CLANG_WARN_UNREACHABLE_CODE = YES;
				CLANG_WARN__DUPLICATE_METHOD_MATCH = YES;
				COPY_PHASE_STRIP = NO;
				DEBUG_INFORMATION_FORMAT = "dwarf-with-dsym";
				ENABLE_NS_ASSERTIONS = NO;
				ENABLE_STRICT_OBJC_MSGSEND = YES;
				ENABLE_USER_SCRIPT_SANDBOXING = YES;
				GCC_C_LANGUAGE_STANDARD = gnu17;
				GCC_NO_COMMON_BLOCKS = YES;
				GCC_WARN_64_TO_32_BIT_CONVERSION = YES;
				GCC_WARN_ABOUT_RETURN_TYPE = YES_ERROR;
				GCC_WARN_UNDECLARED_SELECTOR = YES;
				GCC_WARN_UNINITIALIZED_AUTOS = YES_AGGRESSIVE;
				GCC_WARN_UNUSED_FUNCTION = YES;
				GCC_WARN_UNUSED_VARIABLE = YES;
				IPHONEOS_DEPLOYMENT_TARGET = 18.1;
				LOCALIZATION_PREFERS_STRING_CATALOGS = YES;
				MTL_ENABLE_DEBUG_INFO = NO;
				MTL_FAST_MATH = YES;
				SDKROOT = iphoneos;
				SWIFT_COMPILATION_MODE = wholemodule;
				VALIDATE_PRODUCT = YES;
			};
			name = Release;
		};
		35355A462CE9ADEF00A6F41E /* Debug */ = {
			isa = XCBuildConfiguration;
			buildSettings = {
				ASSETCATALOG_COMPILER_APPICON_NAME = AppIcon;
				ASSETCATALOG_COMPILER_GLOBAL_ACCENT_COLOR_NAME = AccentColor;
				CODE_SIGN_STYLE = Automatic;
				CURRENT_PROJECT_VERSION = 1;
				DEVELOPMENT_ASSET_PATHS = "\"SweetSweetApp/Preview Content\"";
				ENABLE_PREVIEWS = YES;
				GENERATE_INFOPLIST_FILE = YES;
				INFOPLIST_KEY_UIApplicationSceneManifest_Generation = YES;
				INFOPLIST_KEY_UIApplicationSupportsIndirectInputEvents = YES;
				INFOPLIST_KEY_UILaunchScreen_Generation = YES;
				INFOPLIST_KEY_UISupportedInterfaceOrientations_iPad = "UIInterfaceOrientationPortrait UIInterfaceOrientationPortraitUpsideDown UIInterfaceOrientationLandscapeLeft UIInterfaceOrientationLandscapeRight";
				INFOPLIST_KEY_UISupportedInterfaceOrientations_iPhone = "UIInterfaceOrientationPortrait UIInterfaceOrientationLandscapeLeft UIInterfaceOrientationLandscapeRight";
				LD_RUNPATH_SEARCH_PATHS = (
					"$(inherited)",
					"@executable_path/Frameworks",
				);
				MARKETING_VERSION = 1.0;
				PRODUCT_BUNDLE_IDENTIFIER = Kuma.SweetSweetApp;
				PRODUCT_NAME = "$(TARGET_NAME)";
				SWIFT_EMIT_LOC_STRINGS = YES;
				SWIFT_VERSION = 5.0;
				TARGETED_DEVICE_FAMILY = "1,2";
			};
			name = Debug;
		};
		35355A472CE9ADEF00A6F41E /* Release */ = {
			isa = XCBuildConfiguration;
			buildSettings = {
				ASSETCATALOG_COMPILER_APPICON_NAME = AppIcon;
				ASSETCATALOG_COMPILER_GLOBAL_ACCENT_COLOR_NAME = AccentColor;
				CODE_SIGN_STYLE = Automatic;
				CURRENT_PROJECT_VERSION = 1;
				DEVELOPMENT_ASSET_PATHS = "\"SweetSweetApp/Preview Content\"";
				ENABLE_PREVIEWS = YES;
				GENERATE_INFOPLIST_FILE = YES;
				INFOPLIST_KEY_UIApplicationSceneManifest_Generation = YES;
				INFOPLIST_KEY_UIApplicationSupportsIndirectInputEvents = YES;
				INFOPLIST_KEY_UILaunchScreen_Generation = YES;
				INFOPLIST_KEY_UISupportedInterfaceOrientations_iPad = "UIInterfaceOrientationPortrait UIInterfaceOrientationPortraitUpsideDown UIInterfaceOrientationLandscapeLeft UIInterfaceOrientationLandscapeRight";
				INFOPLIST_KEY_UISupportedInterfaceOrientations_iPhone = "UIInterfaceOrientationPortrait UIInterfaceOrientationLandscapeLeft UIInterfaceOrientationLandscapeRight";
				LD_RUNPATH_SEARCH_PATHS = (
					"$(inherited)",
					"@executable_path/Frameworks",
				);
				MARKETING_VERSION = 1.0;
				PRODUCT_BUNDLE_IDENTIFIER = Kuma.SweetSweetApp;
				PRODUCT_NAME = "$(TARGET_NAME)";
				SWIFT_EMIT_LOC_STRINGS = YES;
				SWIFT_VERSION = 5.0;
				TARGETED_DEVICE_FAMILY = "1,2";
			};
			name = Release;
		};
		35355A492CE9ADEF00A6F41E /* Debug */ = {
			isa = XCBuildConfiguration;
			buildSettings = {
				BUNDLE_LOADER = "$(TEST_HOST)";
				CODE_SIGN_STYLE = Automatic;
				CURRENT_PROJECT_VERSION = 1;
				GENERATE_INFOPLIST_FILE = YES;
				IPHONEOS_DEPLOYMENT_TARGET = 18.1;
				MARKETING_VERSION = 1.0;
				PRODUCT_BUNDLE_IDENTIFIER = Kuma.SweetSweetAppTests;
				PRODUCT_NAME = "$(TARGET_NAME)";
				SWIFT_EMIT_LOC_STRINGS = NO;
				SWIFT_VERSION = 5.0;
				TARGETED_DEVICE_FAMILY = "1,2";
				TEST_HOST = "$(BUILT_PRODUCTS_DIR)/SweetSweetApp.app/$(BUNDLE_EXECUTABLE_FOLDER_PATH)/SweetSweetApp";
			};
			name = Debug;
		};
		35355A4A2CE9ADEF00A6F41E /* Release */ = {
			isa = XCBuildConfiguration;
			buildSettings = {
				BUNDLE_LOADER = "$(TEST_HOST)";
				CODE_SIGN_STYLE = Automatic;
				CURRENT_PROJECT_VERSION = 1;
				GENERATE_INFOPLIST_FILE = YES;
				IPHONEOS_DEPLOYMENT_TARGET = 18.1;
				MARKETING_VERSION = 1.0;
				PRODUCT_BUNDLE_IDENTIFIER = Kuma.SweetSweetAppTests;
				PRODUCT_NAME = "$(TARGET_NAME)";
				SWIFT_EMIT_LOC_STRINGS = NO;
				SWIFT_VERSION = 5.0;
				TARGETED_DEVICE_FAMILY = "1,2";
				TEST_HOST = "$(BUILT_PRODUCTS_DIR)/SweetSweetApp.app/$(BUNDLE_EXECUTABLE_FOLDER_PATH)/SweetSweetApp";
			};
			name = Release;
		};
		35355A4C2CE9ADEF00A6F41E /* Debug */ = {
			isa = XCBuildConfiguration;
			buildSettings = {
				CODE_SIGN_STYLE = Automatic;
				CURRENT_PROJECT_VERSION = 1;
				GENERATE_INFOPLIST_FILE = YES;
				MARKETING_VERSION = 1.0;
				PRODUCT_BUNDLE_IDENTIFIER = Kuma.SweetSweetAppUITests;
				PRODUCT_NAME = "$(TARGET_NAME)";
				SWIFT_EMIT_LOC_STRINGS = NO;
				SWIFT_VERSION = 5.0;
				TARGETED_DEVICE_FAMILY = "1,2";
				TEST_TARGET_NAME = SweetSweetApp;
			};
			name = Debug;
		};
		35355A4D2CE9ADEF00A6F41E /* Release */ = {
			isa = XCBuildConfiguration;
			buildSettings = {
				CODE_SIGN_STYLE = Automatic;
				CURRENT_PROJECT_VERSION = 1;
				GENERATE_INFOPLIST_FILE = YES;
				MARKETING_VERSION = 1.0;
				PRODUCT_BUNDLE_IDENTIFIER = Kuma.SweetSweetAppUITests;
				PRODUCT_NAME = "$(TARGET_NAME)";
				SWIFT_EMIT_LOC_STRINGS = NO;
				SWIFT_VERSION = 5.0;
				TARGETED_DEVICE_FAMILY = "1,2";
				TEST_TARGET_NAME = SweetSweetApp;
			};
			name = Release;
		};
/* End XCBuildConfiguration section */

/* Begin XCConfigurationList section */
		35355A1C2CE9ADEE00A6F41E /* Build configuration list for PBXProject "SweetSweetApp" */ = {
			isa = XCConfigurationList;
			buildConfigurations = (
				35355A432CE9ADEF00A6F41E /* Debug */,
				35355A442CE9ADEF00A6F41E /* Release */,
			);
			defaultConfigurationIsVisible = 0;
			defaultConfigurationName = Release;
		};
		35355A452CE9ADEF00A6F41E /* Build configuration list for PBXNativeTarget "SweetSweetApp" */ = {
			isa = XCConfigurationList;
			buildConfigurations = (
				35355A462CE9ADEF00A6F41E /* Debug */,
				35355A472CE9ADEF00A6F41E /* Release */,
			);
			defaultConfigurationIsVisible = 0;
			defaultConfigurationName = Release;
		};
		35355A482CE9ADEF00A6F41E /* Build configuration list for PBXNativeTarget "SweetSweetAppTests" */ = {
			isa = XCConfigurationList;
			buildConfigurations = (
				35355A492CE9ADEF00A6F41E /* Debug */,
				35355A4A2CE9ADEF00A6F41E /* Release */,
			);
			defaultConfigurationIsVisible = 0;
			defaultConfigurationName = Release;
		};
		35355A4B2CE9ADEF00A6F41E /* Build configuration list for PBXNativeTarget "SweetSweetAppUITests" */ = {
			isa = XCConfigurationList;
			buildConfigurations = (
				35355A4C2CE9ADEF00A6F41E /* Debug */,
				35355A4D2CE9ADEF00A6F41E /* Release */,
			);
			defaultConfigurationIsVisible = 0;
			defaultConfigurationName = Release;
		};
/* End XCConfigurationList section */
	};
	rootObject = 35355A192CE9ADEE00A6F41E /* Project object */;
}
